// !$*UTF8*$!
{
	archiveVersion = 1;
	classes = {
	};
	objectVersion = 51;
	objects = {

/* Begin PBXBuildFile section */
		1B1E8335262717AC00A8BF38 /* QuizCell.swift in Sources */ = {isa = PBXBuildFile; fileRef = 1B1E8334262717AC00A8BF38 /* QuizCell.swift */; };
		1B1E83382627756A00A8BF38 /* RoundButton.swift in Sources */ = {isa = PBXBuildFile; fileRef = 1B1E83372627756A00A8BF38 /* RoundButton.swift */; };
		1B1E834326278B5500A8BF38 /* ImageNames.swift in Sources */ = {isa = PBXBuildFile; fileRef = 1B1E834226278B5500A8BF38 /* ImageNames.swift */; };
		1B2FE9B5264D2D3400AFCA64 /* ServerError.swift in Sources */ = {isa = PBXBuildFile; fileRef = 1B2FE9B4264D2D3400AFCA64 /* ServerError.swift */; };
		1B2FE9B7264D2FCE00AFCA64 /* NetworkServiceProtocol.swift in Sources */ = {isa = PBXBuildFile; fileRef = 1B2FE9B6264D2FCE00AFCA64 /* NetworkServiceProtocol.swift */; };
		1B2FE9B9264D3E5F00AFCA64 /* QuizResponse.swift in Sources */ = {isa = PBXBuildFile; fileRef = 1B2FE9B8264D3E5F00AFCA64 /* QuizResponse.swift */; };
		1B4148BD2642E4080099B308 /* QuizFinishedViewController.swift in Sources */ = {isa = PBXBuildFile; fileRef = 1B4148BC2642E4080099B308 /* QuizFinishedViewController.swift */; };
		1B5D60D5264FF0DE00705285 /* LoginPresenter.swift in Sources */ = {isa = PBXBuildFile; fileRef = 1B5D60D4264FF0DE00705285 /* LoginPresenter.swift */; };
		1B5D60D92650082500705285 /* QuizFinishedPresenter.swift in Sources */ = {isa = PBXBuildFile; fileRef = 1B5D60D82650082500705285 /* QuizFinishedPresenter.swift */; };
		1B5D60DC2650396F00705285 /* ResultsResponse.swift in Sources */ = {isa = PBXBuildFile; fileRef = 1B5D60DB2650396F00705285 /* ResultsResponse.swift */; };
		1B6FCCDB2649500D00D67E80 /* Colors.swift in Sources */ = {isa = PBXBuildFile; fileRef = 1B6FCCDA2649500D00D67E80 /* Colors.swift */; };
		1B6FCCDD264954EE00D67E80 /* DataMaps.swift in Sources */ = {isa = PBXBuildFile; fileRef = 1B6FCCDC264954EE00D67E80 /* DataMaps.swift */; };
		1B82481326245D9F00D061D7 /* LoginViewController.swift in Sources */ = {isa = PBXBuildFile; fileRef = 1B82481226245D9F00D061D7 /* LoginViewController.swift */; };
		1BBA3B4A263EB8E8006F0459 /* TabBarController.swift in Sources */ = {isa = PBXBuildFile; fileRef = 1BBA3B49263EB8E8006F0459 /* TabBarController.swift */; };
		1BBA3B4C263EBEBB006F0459 /* SettingsViewController.swift in Sources */ = {isa = PBXBuildFile; fileRef = 1BBA3B4B263EBEBB006F0459 /* SettingsViewController.swift */; };
		1BC272B2264D920E002CA8AF /* LoginResponse.swift in Sources */ = {isa = PBXBuildFile; fileRef = 1BC272B1264D920E002CA8AF /* LoginResponse.swift */; };
		1BDDDD94264EE0E0005E7A45 /* QuestionPresenter.swift in Sources */ = {isa = PBXBuildFile; fileRef = 1BDDDD90264EE0E0005E7A45 /* QuestionPresenter.swift */; };
		1BDDDD95264EE0E0005E7A45 /* QuizPageViewController.swift in Sources */ = {isa = PBXBuildFile; fileRef = 1BDDDD92264EE0E0005E7A45 /* QuizPageViewController.swift */; };
		1BDDDD96264EE0E0005E7A45 /* QuestionViewController.swift in Sources */ = {isa = PBXBuildFile; fileRef = 1BDDDD93264EE0E0005E7A45 /* QuestionViewController.swift */; };
		1BDDDD9C264EE22C005E7A45 /* QuizzesPresenter.swift in Sources */ = {isa = PBXBuildFile; fileRef = 1BDDDD9B264EE22C005E7A45 /* QuizzesPresenter.swift */; };
		1BEBB85526259A2C0040BD9D /* SourceSansPro-Black.ttf in Resources */ = {isa = PBXBuildFile; fileRef = 1BEBB85426259A2C0040BD9D /* SourceSansPro-Black.ttf */; };
		1BEBB8582625A4F30040BD9D /* SourceSansPro-Light.ttf in Resources */ = {isa = PBXBuildFile; fileRef = 1BEBB8572625A4F30040BD9D /* SourceSansPro-Light.ttf */; };
		1BEBB8632625CDB70040BD9D /* LoginStatus.swift in Sources */ = {isa = PBXBuildFile; fileRef = 1BEBB8622625CDB70040BD9D /* LoginStatus.swift */; };
		1BEBB8662625CDBC0040BD9D /* Quiz.swift in Sources */ = {isa = PBXBuildFile; fileRef = 1BEBB8652625CDBC0040BD9D /* Quiz.swift */; };
		1BEBB8692625CDBF0040BD9D /* Question.swift in Sources */ = {isa = PBXBuildFile; fileRef = 1BEBB8682625CDBF0040BD9D /* Question.swift */; };
		1BEBB86C2625CDCD0040BD9D /* QuizCategory.swift in Sources */ = {isa = PBXBuildFile; fileRef = 1BEBB86B2625CDCD0040BD9D /* QuizCategory.swift */; };
		1BEBB8702625DB780040BD9D /* TextFieldWithPadding.swift in Sources */ = {isa = PBXBuildFile; fileRef = 1BEBB86F2625DB780040BD9D /* TextFieldWithPadding.swift */; };
		1BEBB8732625DEC20040BD9D /* QuizzesViewController.swift in Sources */ = {isa = PBXBuildFile; fileRef = 1BEBB8722625DEC20040BD9D /* QuizzesViewController.swift */; };
		1BEBB87C26262CE30040BD9D /* SourceSansPro-SemiBold.ttf in Resources */ = {isa = PBXBuildFile; fileRef = 1BEBB87B26262CE30040BD9D /* SourceSansPro-SemiBold.ttf */; };
		1BF17F7F261DB08600988EB7 /* AppDelegate.swift in Sources */ = {isa = PBXBuildFile; fileRef = 1BF17F7E261DB08600988EB7 /* AppDelegate.swift */; };
		1BF17F81261DB08600988EB7 /* SceneDelegate.swift in Sources */ = {isa = PBXBuildFile; fileRef = 1BF17F80261DB08600988EB7 /* SceneDelegate.swift */; };
		1BF17F88261DB08900988EB7 /* Assets.xcassets in Resources */ = {isa = PBXBuildFile; fileRef = 1BF17F87261DB08900988EB7 /* Assets.xcassets */; };
		1BF17F8B261DB08900988EB7 /* LaunchScreen.storyboard in Resources */ = {isa = PBXBuildFile; fileRef = 1BF17F89261DB08900988EB7 /* LaunchScreen.storyboard */; };
		1BF9A6C0264AE32400156E5E /* NetworkService.swift in Sources */ = {isa = PBXBuildFile; fileRef = 1BF9A6BF264AE32400156E5E /* NetworkService.swift */; };
		1BF9A6C2264AE3A500156E5E /* RequestError.swift in Sources */ = {isa = PBXBuildFile; fileRef = 1BF9A6C1264AE3A500156E5E /* RequestError.swift */; };
		D058ABD93AAF694103EB39D4 /* Pods_QuizApp.framework in Frameworks */ = {isa = PBXBuildFile; fileRef = 238FC27DC8E649697146BA9E /* Pods_QuizApp.framework */; };
/* End PBXBuildFile section */

/* Begin PBXFileReference section */
		15D40FED9B694E34332D859B /* Pods-QuizApp.release.xcconfig */ = {isa = PBXFileReference; includeInIndex = 1; lastKnownFileType = text.xcconfig; name = "Pods-QuizApp.release.xcconfig"; path = "Target Support Files/Pods-QuizApp/Pods-QuizApp.release.xcconfig"; sourceTree = "<group>"; };
		182B45D46FD41794ED94C3E7 /* Pods-QuizApp.debug.xcconfig */ = {isa = PBXFileReference; includeInIndex = 1; lastKnownFileType = text.xcconfig; name = "Pods-QuizApp.debug.xcconfig"; path = "Target Support Files/Pods-QuizApp/Pods-QuizApp.debug.xcconfig"; sourceTree = "<group>"; };
		1B1E8334262717AC00A8BF38 /* QuizCell.swift */ = {isa = PBXFileReference; lastKnownFileType = sourcecode.swift; path = QuizCell.swift; sourceTree = "<group>"; };
		1B1E83372627756A00A8BF38 /* RoundButton.swift */ = {isa = PBXFileReference; lastKnownFileType = sourcecode.swift; path = RoundButton.swift; sourceTree = "<group>"; };
		1B1E834226278B5500A8BF38 /* ImageNames.swift */ = {isa = PBXFileReference; lastKnownFileType = sourcecode.swift; path = ImageNames.swift; sourceTree = "<group>"; };
		1B2FE9B4264D2D3400AFCA64 /* ServerError.swift */ = {isa = PBXFileReference; lastKnownFileType = sourcecode.swift; path = ServerError.swift; sourceTree = "<group>"; };
		1B2FE9B6264D2FCE00AFCA64 /* NetworkServiceProtocol.swift */ = {isa = PBXFileReference; lastKnownFileType = sourcecode.swift; path = NetworkServiceProtocol.swift; sourceTree = "<group>"; };
		1B2FE9B8264D3E5F00AFCA64 /* QuizResponse.swift */ = {isa = PBXFileReference; lastKnownFileType = sourcecode.swift; path = QuizResponse.swift; sourceTree = "<group>"; };
		1B4148BC2642E4080099B308 /* QuizFinishedViewController.swift */ = {isa = PBXFileReference; lastKnownFileType = sourcecode.swift; path = QuizFinishedViewController.swift; sourceTree = "<group>"; };
		1B5D60D4264FF0DE00705285 /* LoginPresenter.swift */ = {isa = PBXFileReference; lastKnownFileType = sourcecode.swift; path = LoginPresenter.swift; sourceTree = "<group>"; };
		1B5D60D82650082500705285 /* QuizFinishedPresenter.swift */ = {isa = PBXFileReference; lastKnownFileType = sourcecode.swift; path = QuizFinishedPresenter.swift; sourceTree = "<group>"; };
		1B5D60DB2650396F00705285 /* ResultsResponse.swift */ = {isa = PBXFileReference; lastKnownFileType = sourcecode.swift; path = ResultsResponse.swift; sourceTree = "<group>"; };
		1B6FCCDA2649500D00D67E80 /* Colors.swift */ = {isa = PBXFileReference; lastKnownFileType = sourcecode.swift; path = Colors.swift; sourceTree = "<group>"; };
		1B6FCCDC264954EE00D67E80 /* DataMaps.swift */ = {isa = PBXFileReference; lastKnownFileType = sourcecode.swift; path = DataMaps.swift; sourceTree = "<group>"; };
		1B82481226245D9F00D061D7 /* LoginViewController.swift */ = {isa = PBXFileReference; lastKnownFileType = sourcecode.swift; path = LoginViewController.swift; sourceTree = "<group>"; };
		1BBA3B49263EB8E8006F0459 /* TabBarController.swift */ = {isa = PBXFileReference; lastKnownFileType = sourcecode.swift; path = TabBarController.swift; sourceTree = "<group>"; };
		1BBA3B4B263EBEBB006F0459 /* SettingsViewController.swift */ = {isa = PBXFileReference; lastKnownFileType = sourcecode.swift; path = SettingsViewController.swift; sourceTree = "<group>"; };
		1BC272B1264D920E002CA8AF /* LoginResponse.swift */ = {isa = PBXFileReference; lastKnownFileType = sourcecode.swift; path = LoginResponse.swift; sourceTree = "<group>"; };
		1BDDDD90264EE0E0005E7A45 /* QuestionPresenter.swift */ = {isa = PBXFileReference; fileEncoding = 4; lastKnownFileType = sourcecode.swift; path = QuestionPresenter.swift; sourceTree = "<group>"; };
		1BDDDD92264EE0E0005E7A45 /* QuizPageViewController.swift */ = {isa = PBXFileReference; fileEncoding = 4; lastKnownFileType = sourcecode.swift; path = QuizPageViewController.swift; sourceTree = "<group>"; };
		1BDDDD93264EE0E0005E7A45 /* QuestionViewController.swift */ = {isa = PBXFileReference; fileEncoding = 4; lastKnownFileType = sourcecode.swift; path = QuestionViewController.swift; sourceTree = "<group>"; };
		1BDDDD9B264EE22C005E7A45 /* QuizzesPresenter.swift */ = {isa = PBXFileReference; lastKnownFileType = sourcecode.swift; path = QuizzesPresenter.swift; sourceTree = "<group>"; };
		1BEBB85426259A2C0040BD9D /* SourceSansPro-Black.ttf */ = {isa = PBXFileReference; lastKnownFileType = file; path = "SourceSansPro-Black.ttf"; sourceTree = "<group>"; };
		1BEBB8572625A4F30040BD9D /* SourceSansPro-Light.ttf */ = {isa = PBXFileReference; lastKnownFileType = file; path = "SourceSansPro-Light.ttf"; sourceTree = "<group>"; };
		1BEBB8622625CDB70040BD9D /* LoginStatus.swift */ = {isa = PBXFileReference; lastKnownFileType = sourcecode.swift; path = LoginStatus.swift; sourceTree = "<group>"; };
		1BEBB8652625CDBC0040BD9D /* Quiz.swift */ = {isa = PBXFileReference; lastKnownFileType = sourcecode.swift; path = Quiz.swift; sourceTree = "<group>"; };
		1BEBB8682625CDBF0040BD9D /* Question.swift */ = {isa = PBXFileReference; lastKnownFileType = sourcecode.swift; path = Question.swift; sourceTree = "<group>"; };
		1BEBB86B2625CDCD0040BD9D /* QuizCategory.swift */ = {isa = PBXFileReference; lastKnownFileType = sourcecode.swift; path = QuizCategory.swift; sourceTree = "<group>"; };
		1BEBB86F2625DB780040BD9D /* TextFieldWithPadding.swift */ = {isa = PBXFileReference; lastKnownFileType = sourcecode.swift; path = TextFieldWithPadding.swift; sourceTree = "<group>"; };
		1BEBB8722625DEC20040BD9D /* QuizzesViewController.swift */ = {isa = PBXFileReference; lastKnownFileType = sourcecode.swift; path = QuizzesViewController.swift; sourceTree = "<group>"; };
		1BEBB87B26262CE30040BD9D /* SourceSansPro-SemiBold.ttf */ = {isa = PBXFileReference; lastKnownFileType = file; path = "SourceSansPro-SemiBold.ttf"; sourceTree = "<group>"; };
		1BF17F7B261DB08600988EB7 /* QuizApp.app */ = {isa = PBXFileReference; explicitFileType = wrapper.application; includeInIndex = 0; path = QuizApp.app; sourceTree = BUILT_PRODUCTS_DIR; };
		1BF17F7E261DB08600988EB7 /* AppDelegate.swift */ = {isa = PBXFileReference; lastKnownFileType = sourcecode.swift; path = AppDelegate.swift; sourceTree = "<group>"; };
		1BF17F80261DB08600988EB7 /* SceneDelegate.swift */ = {isa = PBXFileReference; lastKnownFileType = sourcecode.swift; path = SceneDelegate.swift; sourceTree = "<group>"; };
		1BF17F87261DB08900988EB7 /* Assets.xcassets */ = {isa = PBXFileReference; lastKnownFileType = folder.assetcatalog; path = Assets.xcassets; sourceTree = "<group>"; };
		1BF17F8A261DB08900988EB7 /* Base */ = {isa = PBXFileReference; lastKnownFileType = file.storyboard; name = Base; path = Base.lproj/LaunchScreen.storyboard; sourceTree = "<group>"; };
		1BF17F8C261DB08900988EB7 /* Info.plist */ = {isa = PBXFileReference; lastKnownFileType = text.plist.xml; path = Info.plist; sourceTree = "<group>"; };
		1BF9A6BF264AE32400156E5E /* NetworkService.swift */ = {isa = PBXFileReference; lastKnownFileType = sourcecode.swift; path = NetworkService.swift; sourceTree = "<group>"; };
		1BF9A6C1264AE3A500156E5E /* RequestError.swift */ = {isa = PBXFileReference; lastKnownFileType = sourcecode.swift; path = RequestError.swift; sourceTree = "<group>"; };
		238FC27DC8E649697146BA9E /* Pods_QuizApp.framework */ = {isa = PBXFileReference; explicitFileType = wrapper.framework; includeInIndex = 0; path = Pods_QuizApp.framework; sourceTree = BUILT_PRODUCTS_DIR; };
/* End PBXFileReference section */

/* Begin PBXFrameworksBuildPhase section */
		1BF17F78261DB08500988EB7 /* Frameworks */ = {
			isa = PBXFrameworksBuildPhase;
			buildActionMask = 2147483647;
			files = (
				D058ABD93AAF694103EB39D4 /* Pods_QuizApp.framework in Frameworks */,
			);
			runOnlyForDeploymentPostprocessing = 0;
		};
/* End PBXFrameworksBuildPhase section */

/* Begin PBXGroup section */
		11C88A2CE6EAAFAC01F2D8C8 /* Pods */ = {
			isa = PBXGroup;
			children = (
				182B45D46FD41794ED94C3E7 /* Pods-QuizApp.debug.xcconfig */,
				15D40FED9B694E34332D859B /* Pods-QuizApp.release.xcconfig */,
			);
			path = Pods;
			sourceTree = "<group>";
		};
		1B408807264ED154006517B6 /* Login */ = {
			isa = PBXGroup;
			children = (
				1B5D60D3264FF0C100705285 /* Presenter */,
				1B5D60D2264FF0BC00705285 /* View */,
				1B5D60D1264FF0B300705285 /* Model */,
			);
			path = Login;
			sourceTree = "<group>";
		};
		1B408808264ED15B006517B6 /* Settings */ = {
			isa = PBXGroup;
			children = (
				1BBA3B4B263EBEBB006F0459 /* SettingsViewController.swift */,
			);
			path = Settings;
			sourceTree = "<group>";
		};
		1B408809264ED19B006517B6 /* Quizzes */ = {
			isa = PBXGroup;
			children = (
				1BDDDD9A264EE211005E7A45 /* Presenter */,
				1BDDDD99264EE203005E7A45 /* View */,
				1BDDDD98264EE1F2005E7A45 /* Model */,
			);
			path = Quizzes;
			sourceTree = "<group>";
		};
		1B40880B264ED1FA006517B6 /* TabControl */ = {
			isa = PBXGroup;
			children = (
				1BBA3B49263EB8E8006F0459 /* TabBarController.swift */,
			);
			path = TabControl;
			sourceTree = "<group>";
		};
		1B5D60CC264FEDD000705285 /* QuizPage */ = {
			isa = PBXGroup;
			children = (
				1BDDDD92264EE0E0005E7A45 /* QuizPageViewController.swift */,
			);
			path = QuizPage;
			sourceTree = "<group>";
		};
		1B5D60D1264FF0B300705285 /* Model */ = {
			isa = PBXGroup;
			children = (
				1BEBB8622625CDB70040BD9D /* LoginStatus.swift */,
			);
			path = Model;
			sourceTree = "<group>";
		};
		1B5D60D2264FF0BC00705285 /* View */ = {
			isa = PBXGroup;
			children = (
				1B82481226245D9F00D061D7 /* LoginViewController.swift */,
			);
			path = View;
			sourceTree = "<group>";
		};
		1B5D60D3264FF0C100705285 /* Presenter */ = {
			isa = PBXGroup;
			children = (
				1B5D60D4264FF0DE00705285 /* LoginPresenter.swift */,
			);
			path = Presenter;
			sourceTree = "<group>";
		};
		1B5D60D6265007F100705285 /* View */ = {
			isa = PBXGroup;
			children = (
				1B4148BC2642E4080099B308 /* QuizFinishedViewController.swift */,
			);
			path = View;
			sourceTree = "<group>";
		};
		1B5D60D72650080B00705285 /* Presenter */ = {
			isa = PBXGroup;
			children = (
				1B5D60D82650082500705285 /* QuizFinishedPresenter.swift */,
			);
			path = Presenter;
			sourceTree = "<group>";
		};
		1B5D60DA2650393000705285 /* Model */ = {
			isa = PBXGroup;
			children = (
				1B5D60DB2650396F00705285 /* ResultsResponse.swift */,
			);
			path = Model;
			sourceTree = "<group>";
		};
		1BBA3B45263E8F5B006F0459 /* Data */ = {
			isa = PBXGroup;
			children = (
				1B1E834226278B5500A8BF38 /* ImageNames.swift */,
				1B6FCCDA2649500D00D67E80 /* Colors.swift */,
				1B6FCCDC264954EE00D67E80 /* DataMaps.swift */,
			);
			path = Data;
			sourceTree = "<group>";
		};
		1BBA3B46263E8FFE006F0459 /* FinishedQuiz */ = {
			isa = PBXGroup;
			children = (
				1B5D60DA2650393000705285 /* Model */,
				1B5D60D72650080B00705285 /* Presenter */,
				1B5D60D6265007F100705285 /* View */,
			);
			path = FinishedQuiz;
			sourceTree = "<group>";
		};
		1BD76E4D2632EFD200C79008 /* CustomClasses */ = {
			isa = PBXGroup;
			children = (
				1B1E8334262717AC00A8BF38 /* QuizCell.swift */,
				1BEBB86F2625DB780040BD9D /* TextFieldWithPadding.swift */,
				1B1E83372627756A00A8BF38 /* RoundButton.swift */,
			);
			path = CustomClasses;
			sourceTree = "<group>";
		};
		1BDDDD8E264EE0E0005E7A45 /* Question */ = {
			isa = PBXGroup;
			children = (
				1BDDDD97264EE1A2005E7A45 /* Model */,
				1BDDDD8F264EE0E0005E7A45 /* Presenter */,
				1BDDDD91264EE0E0005E7A45 /* View */,
			);
			path = Question;
			sourceTree = "<group>";
		};
		1BDDDD8F264EE0E0005E7A45 /* Presenter */ = {
			isa = PBXGroup;
			children = (
				1BDDDD90264EE0E0005E7A45 /* QuestionPresenter.swift */,
			);
			path = Presenter;
			sourceTree = "<group>";
		};
		1BDDDD91264EE0E0005E7A45 /* View */ = {
			isa = PBXGroup;
			children = (
				1BDDDD93264EE0E0005E7A45 /* QuestionViewController.swift */,
			);
			path = View;
			sourceTree = "<group>";
		};
		1BDDDD97264EE1A2005E7A45 /* Model */ = {
			isa = PBXGroup;
			children = (
				1BEBB8682625CDBF0040BD9D /* Question.swift */,
			);
			path = Model;
			sourceTree = "<group>";
		};
		1BDDDD98264EE1F2005E7A45 /* Model */ = {
			isa = PBXGroup;
			children = (
				1BEBB8652625CDBC0040BD9D /* Quiz.swift */,
				1BEBB86B2625CDCD0040BD9D /* QuizCategory.swift */,
				1B2FE9B8264D3E5F00AFCA64 /* QuizResponse.swift */,
			);
			path = Model;
			sourceTree = "<group>";
		};
		1BDDDD99264EE203005E7A45 /* View */ = {
			isa = PBXGroup;
			children = (
				1BEBB8722625DEC20040BD9D /* QuizzesViewController.swift */,
			);
			path = View;
			sourceTree = "<group>";
		};
		1BDDDD9A264EE211005E7A45 /* Presenter */ = {
			isa = PBXGroup;
			children = (
				1BDDDD9B264EE22C005E7A45 /* QuizzesPresenter.swift */,
			);
			path = Presenter;
			sourceTree = "<group>";
		};
		1BEBB85326259A080040BD9D /* Fonts */ = {
			isa = PBXGroup;
			children = (
				1BEBB8572625A4F30040BD9D /* SourceSansPro-Light.ttf */,
				1BEBB85426259A2C0040BD9D /* SourceSansPro-Black.ttf */,
				1BEBB87B26262CE30040BD9D /* SourceSansPro-SemiBold.ttf */,
			);
			path = Fonts;
			sourceTree = "<group>";
		};
		1BF17F72261DB08500988EB7 = {
			isa = PBXGroup;
			children = (
				1BEBB85326259A080040BD9D /* Fonts */,
				1BF17F7D261DB08600988EB7 /* QuizApp */,
				1BF17F7C261DB08600988EB7 /* Products */,
				11C88A2CE6EAAFAC01F2D8C8 /* Pods */,
				626C0C8BD019C6AFAA9B3A21 /* Frameworks */,
			);
			sourceTree = "<group>";
		};
		1BF17F7C261DB08600988EB7 /* Products */ = {
			isa = PBXGroup;
			children = (
				1BF17F7B261DB08600988EB7 /* QuizApp.app */,
			);
			name = Products;
			sourceTree = "<group>";
		};
		1BF17F7D261DB08600988EB7 /* QuizApp */ = {
			isa = PBXGroup;
			children = (
				1B5D60CC264FEDD000705285 /* QuizPage */,
				1BDDDD8E264EE0E0005E7A45 /* Question */,
				1BBA3B46263E8FFE006F0459 /* FinishedQuiz */,
				1B40880B264ED1FA006517B6 /* TabControl */,
				1B408809264ED19B006517B6 /* Quizzes */,
				1B408808264ED15B006517B6 /* Settings */,
				1B408807264ED154006517B6 /* Login */,
				1BF9A6BE264AE2EA00156E5E /* API */,
				1BD76E4D2632EFD200C79008 /* CustomClasses */,
				1BBA3B45263E8F5B006F0459 /* Data */,
				1BF17F7E261DB08600988EB7 /* AppDelegate.swift */,
				1BF17F80261DB08600988EB7 /* SceneDelegate.swift */,
				1BF17F87261DB08900988EB7 /* Assets.xcassets */,
				1BF17F89261DB08900988EB7 /* LaunchScreen.storyboard */,
				1BF17F8C261DB08900988EB7 /* Info.plist */,
			);
			path = QuizApp;
			sourceTree = "<group>";
		};
		1BF9A6BE264AE2EA00156E5E /* API */ = {
			isa = PBXGroup;
			children = (
				1BF9A6BF264AE32400156E5E /* NetworkService.swift */,
				1BF9A6C1264AE3A500156E5E /* RequestError.swift */,
				1B2FE9B4264D2D3400AFCA64 /* ServerError.swift */,
				1B2FE9B6264D2FCE00AFCA64 /* NetworkServiceProtocol.swift */,
				1BC272B1264D920E002CA8AF /* LoginResponse.swift */,
			);
			path = API;
			sourceTree = "<group>";
		};
		626C0C8BD019C6AFAA9B3A21 /* Frameworks */ = {
			isa = PBXGroup;
			children = (
				238FC27DC8E649697146BA9E /* Pods_QuizApp.framework */,
			);
			name = Frameworks;
			sourceTree = "<group>";
		};
/* End PBXGroup section */

/* Begin PBXNativeTarget section */
		1BF17F7A261DB08500988EB7 /* QuizApp */ = {
			isa = PBXNativeTarget;
			buildConfigurationList = 1BF17F8F261DB08900988EB7 /* Build configuration list for PBXNativeTarget "QuizApp" */;
			buildPhases = (
				FC78B63AD7888F92D7AEBF92 /* [CP] Check Pods Manifest.lock */,
				1BF17F77261DB08500988EB7 /* Sources */,
				1BF17F78261DB08500988EB7 /* Frameworks */,
				1BF17F79261DB08500988EB7 /* Resources */,
				2390561F4DFFAFFA3D4ECB49 /* [CP] Embed Pods Frameworks */,
			);
			buildRules = (
			);
			dependencies = (
			);
			name = QuizApp;
			productName = QuizApp;
			productReference = 1BF17F7B261DB08600988EB7 /* QuizApp.app */;
			productType = "com.apple.product-type.application";
		};
/* End PBXNativeTarget section */

/* Begin PBXProject section */
		1BF17F73261DB08500988EB7 /* Project object */ = {
			isa = PBXProject;
			attributes = {
				LastSwiftUpdateCheck = 1240;
				LastUpgradeCheck = 1240;
				TargetAttributes = {
					1BF17F7A261DB08500988EB7 = {
						CreatedOnToolsVersion = 12.4;
					};
				};
			};
			buildConfigurationList = 1BF17F76261DB08500988EB7 /* Build configuration list for PBXProject "QuizApp" */;
			compatibilityVersion = "Xcode 9.3";
			developmentRegion = en;
			hasScannedForEncodings = 0;
			knownRegions = (
				en,
				Base,
			);
			mainGroup = 1BF17F72261DB08500988EB7;
			productRefGroup = 1BF17F7C261DB08600988EB7 /* Products */;
			projectDirPath = "";
			projectRoot = "";
			targets = (
				1BF17F7A261DB08500988EB7 /* QuizApp */,
			);
		};
/* End PBXProject section */

/* Begin PBXResourcesBuildPhase section */
		1BF17F79261DB08500988EB7 /* Resources */ = {
			isa = PBXResourcesBuildPhase;
			buildActionMask = 2147483647;
			files = (
				1BF17F8B261DB08900988EB7 /* LaunchScreen.storyboard in Resources */,
				1BEBB85526259A2C0040BD9D /* SourceSansPro-Black.ttf in Resources */,
				1BEBB87C26262CE30040BD9D /* SourceSansPro-SemiBold.ttf in Resources */,
				1BF17F88261DB08900988EB7 /* Assets.xcassets in Resources */,
				1BEBB8582625A4F30040BD9D /* SourceSansPro-Light.ttf in Resources */,
			);
			runOnlyForDeploymentPostprocessing = 0;
		};
/* End PBXResourcesBuildPhase section */

/* Begin PBXShellScriptBuildPhase section */
		2390561F4DFFAFFA3D4ECB49 /* [CP] Embed Pods Frameworks */ = {
			isa = PBXShellScriptBuildPhase;
			buildActionMask = 2147483647;
			files = (
			);
			inputFileListPaths = (
				"${PODS_ROOT}/Target Support Files/Pods-QuizApp/Pods-QuizApp-frameworks-${CONFIGURATION}-input-files.xcfilelist",
			);
			name = "[CP] Embed Pods Frameworks";
			outputFileListPaths = (
				"${PODS_ROOT}/Target Support Files/Pods-QuizApp/Pods-QuizApp-frameworks-${CONFIGURATION}-output-files.xcfilelist",
			);
			runOnlyForDeploymentPostprocessing = 0;
			shellPath = /bin/sh;
			shellScript = "\"${PODS_ROOT}/Target Support Files/Pods-QuizApp/Pods-QuizApp-frameworks.sh\"\n";
			showEnvVarsInLog = 0;
		};
		FC78B63AD7888F92D7AEBF92 /* [CP] Check Pods Manifest.lock */ = {
			isa = PBXShellScriptBuildPhase;
			buildActionMask = 2147483647;
			files = (
			);
			inputFileListPaths = (
			);
			inputPaths = (
				"${PODS_PODFILE_DIR_PATH}/Podfile.lock",
				"${PODS_ROOT}/Manifest.lock",
			);
			name = "[CP] Check Pods Manifest.lock";
			outputFileListPaths = (
			);
			outputPaths = (
				"$(DERIVED_FILE_DIR)/Pods-QuizApp-checkManifestLockResult.txt",
			);
			runOnlyForDeploymentPostprocessing = 0;
			shellPath = /bin/sh;
			shellScript = "diff \"${PODS_PODFILE_DIR_PATH}/Podfile.lock\" \"${PODS_ROOT}/Manifest.lock\" > /dev/null\nif [ $? != 0 ] ; then\n    # print error to STDERR\n    echo \"error: The sandbox is not in sync with the Podfile.lock. Run 'pod install' or update your CocoaPods installation.\" >&2\n    exit 1\nfi\n# This output is used by Xcode 'outputs' to avoid re-running this script phase.\necho \"SUCCESS\" > \"${SCRIPT_OUTPUT_FILE_0}\"\n";
			showEnvVarsInLog = 0;
		};
/* End PBXShellScriptBuildPhase section */

/* Begin PBXSourcesBuildPhase section */
		1BF17F77261DB08500988EB7 /* Sources */ = {
			isa = PBXSourcesBuildPhase;
			buildActionMask = 2147483647;
			files = (
				1BEBB8732625DEC20040BD9D /* QuizzesViewController.swift in Sources */,
				1B6FCCDB2649500D00D67E80 /* Colors.swift in Sources */,
				1BF9A6C0264AE32400156E5E /* NetworkService.swift in Sources */,
				1BBA3B4A263EB8E8006F0459 /* TabBarController.swift in Sources */,
				1BEBB86C2625CDCD0040BD9D /* QuizCategory.swift in Sources */,
				1B82481326245D9F00D061D7 /* LoginViewController.swift in Sources */,
				1BDDDD96264EE0E0005E7A45 /* QuestionViewController.swift in Sources */,
				1BF17F7F261DB08600988EB7 /* AppDelegate.swift in Sources */,
				1B1E8335262717AC00A8BF38 /* QuizCell.swift in Sources */,
				1B1E83382627756A00A8BF38 /* RoundButton.swift in Sources */,
				1BDDDD9C264EE22C005E7A45 /* QuizzesPresenter.swift in Sources */,
				1BEBB8692625CDBF0040BD9D /* Question.swift in Sources */,
				1B5D60D92650082500705285 /* QuizFinishedPresenter.swift in Sources */,
				1BEBB8632625CDB70040BD9D /* LoginStatus.swift in Sources */,
				1B2FE9B5264D2D3400AFCA64 /* ServerError.swift in Sources */,
				1B2FE9B9264D3E5F00AFCA64 /* QuizResponse.swift in Sources */,
				1BDDDD95264EE0E0005E7A45 /* QuizPageViewController.swift in Sources */,
				1B5D60D5264FF0DE00705285 /* LoginPresenter.swift in Sources */,
				1BC272B2264D920E002CA8AF /* LoginResponse.swift in Sources */,
				1B2FE9B7264D2FCE00AFCA64 /* NetworkServiceProtocol.swift in Sources */,
				1BEBB8702625DB780040BD9D /* TextFieldWithPadding.swift in Sources */,
				1BBA3B4C263EBEBB006F0459 /* SettingsViewController.swift in Sources */,
				1BF17F81261DB08600988EB7 /* SceneDelegate.swift in Sources */,
				1B5D60DC2650396F00705285 /* ResultsResponse.swift in Sources */,
				1BEBB8662625CDBC0040BD9D /* Quiz.swift in Sources */,
				1BF9A6C2264AE3A500156E5E /* RequestError.swift in Sources */,
				1B6FCCDD264954EE00D67E80 /* DataMaps.swift in Sources */,
				1B4148BD2642E4080099B308 /* QuizFinishedViewController.swift in Sources */,
				1B1E834326278B5500A8BF38 /* ImageNames.swift in Sources */,
				1BDDDD94264EE0E0005E7A45 /* QuestionPresenter.swift in Sources */,
			);
			runOnlyForDeploymentPostprocessing = 0;
		};
/* End PBXSourcesBuildPhase section */

/* Begin PBXVariantGroup section */
		1BF17F89261DB08900988EB7 /* LaunchScreen.storyboard */ = {
			isa = PBXVariantGroup;
			children = (
				1BF17F8A261DB08900988EB7 /* Base */,
			);
			name = LaunchScreen.storyboard;
			sourceTree = "<group>";
		};
/* End PBXVariantGroup section */

/* Begin XCBuildConfiguration section */
		1BF17F8D261DB08900988EB7 /* Debug */ = {
			isa = XCBuildConfiguration;
			buildSettings = {
				ALWAYS_SEARCH_USER_PATHS = NO;
				CLANG_ANALYZER_NONNULL = YES;
				CLANG_ANALYZER_NUMBER_OBJECT_CONVERSION = YES_AGGRESSIVE;
				CLANG_CXX_LANGUAGE_STANDARD = "gnu++14";
				CLANG_CXX_LIBRARY = "libc++";
				CLANG_ENABLE_MODULES = YES;
				CLANG_ENABLE_OBJC_ARC = YES;
				CLANG_ENABLE_OBJC_WEAK = YES;
				CLANG_WARN_BLOCK_CAPTURE_AUTORELEASING = YES;
				CLANG_WARN_BOOL_CONVERSION = YES;
				CLANG_WARN_COMMA = YES;
				CLANG_WARN_CONSTANT_CONVERSION = YES;
				CLANG_WARN_DEPRECATED_OBJC_IMPLEMENTATIONS = YES;
				CLANG_WARN_DIRECT_OBJC_ISA_USAGE = YES_ERROR;
				CLANG_WARN_DOCUMENTATION_COMMENTS = YES;
				CLANG_WARN_EMPTY_BODY = YES;
				CLANG_WARN_ENUM_CONVERSION = YES;
				CLANG_WARN_INFINITE_RECURSION = YES;
				CLANG_WARN_INT_CONVERSION = YES;
				CLANG_WARN_NON_LITERAL_NULL_CONVERSION = YES;
				CLANG_WARN_OBJC_IMPLICIT_RETAIN_SELF = YES;
				CLANG_WARN_OBJC_LITERAL_CONVERSION = YES;
				CLANG_WARN_OBJC_ROOT_CLASS = YES_ERROR;
				CLANG_WARN_QUOTED_INCLUDE_IN_FRAMEWORK_HEADER = YES;
				CLANG_WARN_RANGE_LOOP_ANALYSIS = YES;
				CLANG_WARN_STRICT_PROTOTYPES = YES;
				CLANG_WARN_SUSPICIOUS_MOVE = YES;
				CLANG_WARN_UNGUARDED_AVAILABILITY = YES_AGGRESSIVE;
				CLANG_WARN_UNREACHABLE_CODE = YES;
				CLANG_WARN__DUPLICATE_METHOD_MATCH = YES;
				COPY_PHASE_STRIP = NO;
				DEBUG_INFORMATION_FORMAT = dwarf;
				ENABLE_STRICT_OBJC_MSGSEND = YES;
				ENABLE_TESTABILITY = YES;
				GCC_C_LANGUAGE_STANDARD = gnu11;
				GCC_DYNAMIC_NO_PIC = NO;
				GCC_NO_COMMON_BLOCKS = YES;
				GCC_OPTIMIZATION_LEVEL = 0;
				GCC_PREPROCESSOR_DEFINITIONS = (
					"DEBUG=1",
					"$(inherited)",
				);
				GCC_WARN_64_TO_32_BIT_CONVERSION = YES;
				GCC_WARN_ABOUT_RETURN_TYPE = YES_ERROR;
				GCC_WARN_UNDECLARED_SELECTOR = YES;
				GCC_WARN_UNINITIALIZED_AUTOS = YES_AGGRESSIVE;
				GCC_WARN_UNUSED_FUNCTION = YES;
				GCC_WARN_UNUSED_VARIABLE = YES;
				IPHONEOS_DEPLOYMENT_TARGET = 14.4;
				MTL_ENABLE_DEBUG_INFO = INCLUDE_SOURCE;
				MTL_FAST_MATH = YES;
				ONLY_ACTIVE_ARCH = YES;
				SDKROOT = iphoneos;
				SWIFT_ACTIVE_COMPILATION_CONDITIONS = DEBUG;
				SWIFT_OPTIMIZATION_LEVEL = "-Onone";
			};
			name = Debug;
		};
		1BF17F8E261DB08900988EB7 /* Release */ = {
			isa = XCBuildConfiguration;
			buildSettings = {
				ALWAYS_SEARCH_USER_PATHS = NO;
				CLANG_ANALYZER_NONNULL = YES;
				CLANG_ANALYZER_NUMBER_OBJECT_CONVERSION = YES_AGGRESSIVE;
				CLANG_CXX_LANGUAGE_STANDARD = "gnu++14";
				CLANG_CXX_LIBRARY = "libc++";
				CLANG_ENABLE_MODULES = YES;
				CLANG_ENABLE_OBJC_ARC = YES;
				CLANG_ENABLE_OBJC_WEAK = YES;
				CLANG_WARN_BLOCK_CAPTURE_AUTORELEASING = YES;
				CLANG_WARN_BOOL_CONVERSION = YES;
				CLANG_WARN_COMMA = YES;
				CLANG_WARN_CONSTANT_CONVERSION = YES;
				CLANG_WARN_DEPRECATED_OBJC_IMPLEMENTATIONS = YES;
				CLANG_WARN_DIRECT_OBJC_ISA_USAGE = YES_ERROR;
				CLANG_WARN_DOCUMENTATION_COMMENTS = YES;
				CLANG_WARN_EMPTY_BODY = YES;
				CLANG_WARN_ENUM_CONVERSION = YES;
				CLANG_WARN_INFINITE_RECURSION = YES;
				CLANG_WARN_INT_CONVERSION = YES;
				CLANG_WARN_NON_LITERAL_NULL_CONVERSION = YES;
				CLANG_WARN_OBJC_IMPLICIT_RETAIN_SELF = YES;
				CLANG_WARN_OBJC_LITERAL_CONVERSION = YES;
				CLANG_WARN_OBJC_ROOT_CLASS = YES_ERROR;
				CLANG_WARN_QUOTED_INCLUDE_IN_FRAMEWORK_HEADER = YES;
				CLANG_WARN_RANGE_LOOP_ANALYSIS = YES;
				CLANG_WARN_STRICT_PROTOTYPES = YES;
				CLANG_WARN_SUSPICIOUS_MOVE = YES;
				CLANG_WARN_UNGUARDED_AVAILABILITY = YES_AGGRESSIVE;
				CLANG_WARN_UNREACHABLE_CODE = YES;
				CLANG_WARN__DUPLICATE_METHOD_MATCH = YES;
				COPY_PHASE_STRIP = NO;
				DEBUG_INFORMATION_FORMAT = "dwarf-with-dsym";
				ENABLE_NS_ASSERTIONS = NO;
				ENABLE_STRICT_OBJC_MSGSEND = YES;
				GCC_C_LANGUAGE_STANDARD = gnu11;
				GCC_NO_COMMON_BLOCKS = YES;
				GCC_WARN_64_TO_32_BIT_CONVERSION = YES;
				GCC_WARN_ABOUT_RETURN_TYPE = YES_ERROR;
				GCC_WARN_UNDECLARED_SELECTOR = YES;
				GCC_WARN_UNINITIALIZED_AUTOS = YES_AGGRESSIVE;
				GCC_WARN_UNUSED_FUNCTION = YES;
				GCC_WARN_UNUSED_VARIABLE = YES;
				IPHONEOS_DEPLOYMENT_TARGET = 14.4;
				MTL_ENABLE_DEBUG_INFO = NO;
				MTL_FAST_MATH = YES;
				SDKROOT = iphoneos;
				SWIFT_COMPILATION_MODE = wholemodule;
				SWIFT_OPTIMIZATION_LEVEL = "-O";
				VALIDATE_PRODUCT = YES;
			};
			name = Release;
		};
		1BF17F90261DB08900988EB7 /* Debug */ = {
			isa = XCBuildConfiguration;
			baseConfigurationReference = 182B45D46FD41794ED94C3E7 /* Pods-QuizApp.debug.xcconfig */;
			buildSettings = {
				ASSETCATALOG_COMPILER_APPICON_NAME = AppIcon;
				ASSETCATALOG_COMPILER_GLOBAL_ACCENT_COLOR_NAME = AccentColor;
				CODE_SIGN_STYLE = Automatic;
				INFOPLIST_FILE = QuizApp/Info.plist;
				IPHONEOS_DEPLOYMENT_TARGET = 14.1;
				LD_RUNPATH_SEARCH_PATHS = (
					"$(inherited)",
					"@executable_path/Frameworks",
				);
				PRODUCT_BUNDLE_IDENTIFIER = hr.fer.cicak.luka.QuizApp;
				PRODUCT_NAME = "$(TARGET_NAME)";
				SWIFT_VERSION = 5.0;
				TARGETED_DEVICE_FAMILY = "1,2";
			};
			name = Debug;
		};
		1BF17F91261DB08900988EB7 /* Release */ = {
			isa = XCBuildConfiguration;
			baseConfigurationReference = 15D40FED9B694E34332D859B /* Pods-QuizApp.release.xcconfig */;
			buildSettings = {
				ASSETCATALOG_COMPILER_APPICON_NAME = AppIcon;
				ASSETCATALOG_COMPILER_GLOBAL_ACCENT_COLOR_NAME = AccentColor;
				CODE_SIGN_STYLE = Automatic;
				INFOPLIST_FILE = QuizApp/Info.plist;
				IPHONEOS_DEPLOYMENT_TARGET = 14.1;
				LD_RUNPATH_SEARCH_PATHS = (
					"$(inherited)",
					"@executable_path/Frameworks",
				);
				PRODUCT_BUNDLE_IDENTIFIER = hr.fer.cicak.luka.QuizApp;
				PRODUCT_NAME = "$(TARGET_NAME)";
				SWIFT_VERSION = 5.0;
				TARGETED_DEVICE_FAMILY = "1,2";
			};
			name = Release;
		};
/* End XCBuildConfiguration section */

/* Begin XCConfigurationList section */
		1BF17F76261DB08500988EB7 /* Build configuration list for PBXProject "QuizApp" */ = {
			isa = XCConfigurationList;
			buildConfigurations = (
				1BF17F8D261DB08900988EB7 /* Debug */,
				1BF17F8E261DB08900988EB7 /* Release */,
			);
			defaultConfigurationIsVisible = 0;
			defaultConfigurationName = Release;
		};
		1BF17F8F261DB08900988EB7 /* Build configuration list for PBXNativeTarget "QuizApp" */ = {
			isa = XCConfigurationList;
			buildConfigurations = (
				1BF17F90261DB08900988EB7 /* Debug */,
				1BF17F91261DB08900988EB7 /* Release */,
			);
			defaultConfigurationIsVisible = 0;
			defaultConfigurationName = Release;
		};
/* End XCConfigurationList section */
	};
	rootObject = 1BF17F73261DB08500988EB7 /* Project object */;
}
